
Microsoft Visual Studio Solution File, Format Version 12.00
# Visual Studio Version 17
VisualStudioVersion = 17.7.34221.43
MinimumVisualStudioVersion = 10.0.40219.1
Project("{8BC9CEB8-8B4A-11D0-8D11-00A0C91BC942}") = "северная страна", "северная страна\северная страна.vcxproj", "{D64CDD0A-7896-48A6-94E7-32D0157A8880}"
EndProject
Global
	GlobalSection(SolutionConfigurationPlatforms) = preSolution
		Debug|x64 = Debug|x64
		Debug|x86 = Debug|x86
		Release|x64 = Release|x64
		Release|x86 = Release|x86
	EndGlobalSection
	GlobalSection(ProjectConfigurationPlatforms) = postSolution
		{D64CDD0A-7896-48A6-94E7-32D0157A8880}.Debug|x64.ActiveCfg = Debug|x64
		{D64CDD0A-7896-48A6-94E7-32D0157A8880}.Debug|x64.Build.0 = Debug|x64
		{D64CDD0A-7896-48A6-94E7-32D0157A8880}.Debug|x86.ActiveCfg = Debug|Win32
		{D64CDD0A-7896-48A6-94E7-32D0157A8880}.Debug|x86.Build.0 = Debug|Win32
		{D64CDD0A-7896-48A6-94E7-32D0157A8880}.Release|x64.ActiveCfg = Release|x64
		{D64CDD0A-7896-48A6-94E7-32D0157A8880}.Release|x64.Build.0 = Release|x64
		{D64CDD0A-7896-48A6-94E7-32D0157A8880}.Release|x86.ActiveCfg = Release|Win32
		{D64CDD0A-7896-48A6-94E7-32D0157A8880}.Release|x86.Build.0 = Release|Win32
	EndGlobalSection
	GlobalSection(SolutionProperties) = preSolution
		HideSolutionNode = FALSE
	EndGlobalSection
	GlobalSection(ExtensibilityGlobals) = postSolution
		SolutionGuid = {2EFB01D5-8357-4ECC-85AA-82DC55B9D38B}
	EndGlobalSection
EndGlobal
